<Solution>
  <Project Path="StockAnalyzer.Core/StockAnalyzer.Core.csproj" />
  <Project Path="StockAnalyzer.Tests/StockAnalyzer.Tests.csproj" Id="c73ba490-420e-4e4d-8198-983d877e44bc" />
  <Project Path="StockAnalyzer.Web/StockAnalyzer.Web.csproj" />
  <Project Path="StockAnalyzer.Windows/StockAnalyzer.Windows.csproj" />
</Solution>
